
Microsoft Visual Studio Solution File, Format Version 12.00
# Visual Studio Version 17
VisualStudioVersion = 17.10.34928.147
MinimumVisualStudioVersion = 10.0.40219.1
Project("{FAE04EC0-301F-11D3-BF4B-00C04F79EFBC}") = "DockerizeMvc", "DockerizeMvc\DockerizeMvc.csproj", "{8A026B87-BE1D-4C42-9615-3E717F59866E}"
EndProject
Global
	GlobalSection(SolutionConfigurationPlatforms) = preSolution
		Debug|Any CPU = Debug|Any CPU
		Release|Any CPU = Release|Any CPU
	EndGlobalSection
	GlobalSection(ProjectConfigurationPlatforms) = postSolution
		{8A026B87-BE1D-4C42-9615-3E717F59866E}.Debug|Any CPU.ActiveCfg = Debug|Any CPU
		{8A026B87-BE1D-4C42-9615-3E717F59866E}.Debug|Any CPU.Build.0 = Debug|Any CPU
		{8A026B87-BE1D-4C42-9615-3E717F59866E}.Release|Any CPU.ActiveCfg = Release|Any CPU
		{8A026B87-BE1D-4C42-9615-3E717F59866E}.Release|Any CPU.Build.0 = Release|Any CPU
	EndGlobalSection
	GlobalSection(SolutionProperties) = preSolution
		HideSolutionNode = FALSE
	EndGlobalSection
	GlobalSection(ExtensibilityGlobals) = postSolution
		SolutionGuid = {2EFB0875-29D3-417E-9482-0365B2A67EA9}
	EndGlobalSection
EndGlobal
